
Microsoft Visual Studio Solution File, Format Version 12.00
# Visual Studio Version 16
VisualStudioVersion = 16.0.30907.101
MinimumVisualStudioVersion = 10.0.40219.1
Project("{FAE04EC0-301F-11D3-BF4B-00C04F79EFBC}") = "EmployeesInformationSystem", "EmployeesInformationSystem\EmployeesInformationSystem.csproj", "{019274A8-7AEF-4D84-A59A-F954EF1BA574}"
EndProject
Project("{FAE04EC0-301F-11D3-BF4B-00C04F79EFBC}") = "EmployeesInformationSystem.Repository", "EmployeesInformationSystem.Repository\EmployeesInformationSystem.Repository.csproj", "{C2A3189E-9B98-4741-8AF4-CABDE2B08B79}"
EndProject
Project("{FAE04EC0-301F-11D3-BF4B-00C04F79EFBC}") = "EmployeesInformationSystem.BLL", "EmployeesInformationSystem.BLL\EmployeesInformationSystem.BLL.csproj", "{536D9892-0844-4815-A0AC-846C0D572515}"
EndProject
Project("{FAE04EC0-301F-11D3-BF4B-00C04F79EFBC}") = "EmployeesInformationSystem.Model", "EmployeesInformationSystem.Model\EmployeesInformationSystem.Model.csproj", "{372E0520-31F3-49B3-84E5-288588AADD2E}"
EndProject
Project("{FAE04EC0-301F-11D3-BF4B-00C04F79EFBC}") = "EmployeesInformationSystem.DatabaseContext", "EmployeesInformationSystem.DatabaseContext\EmployeesInformationSystem.DatabaseContext.csproj", "{8629D58D-7446-4B6B-AF83-6C30D8093948}"
EndProject
Global
	GlobalSection(SolutionConfigurationPlatforms) = preSolution
		Debug|Any CPU = Debug|Any CPU
		Release|Any CPU = Release|Any CPU
	EndGlobalSection
	GlobalSection(ProjectConfigurationPlatforms) = postSolution
		{019274A8-7AEF-4D84-A59A-F954EF1BA574}.Debug|Any CPU.ActiveCfg = Debug|Any CPU
		{019274A8-7AEF-4D84-A59A-F954EF1BA574}.Debug|Any CPU.Build.0 = Debug|Any CPU
		{019274A8-7AEF-4D84-A59A-F954EF1BA574}.Release|Any CPU.ActiveCfg = Release|Any CPU
		{019274A8-7AEF-4D84-A59A-F954EF1BA574}.Release|Any CPU.Build.0 = Release|Any CPU
		{C2A3189E-9B98-4741-8AF4-CABDE2B08B79}.Debug|Any CPU.ActiveCfg = Debug|Any CPU
		{C2A3189E-9B98-4741-8AF4-CABDE2B08B79}.Debug|Any CPU.Build.0 = Debug|Any CPU
		{C2A3189E-9B98-4741-8AF4-CABDE2B08B79}.Release|Any CPU.ActiveCfg = Release|Any CPU
		{C2A3189E-9B98-4741-8AF4-CABDE2B08B79}.Release|Any CPU.Build.0 = Release|Any CPU
		{536D9892-0844-4815-A0AC-846C0D572515}.Debug|Any CPU.ActiveCfg = Debug|Any CPU
		{536D9892-0844-4815-A0AC-846C0D572515}.Debug|Any CPU.Build.0 = Debug|Any CPU
		{536D9892-0844-4815-A0AC-846C0D572515}.Release|Any CPU.ActiveCfg = Release|Any CPU
		{536D9892-0844-4815-A0AC-846C0D572515}.Release|Any CPU.Build.0 = Release|Any CPU
		{372E0520-31F3-49B3-84E5-288588AADD2E}.Debug|Any CPU.ActiveCfg = Debug|Any CPU
		{372E0520-31F3-49B3-84E5-288588AADD2E}.Debug|Any CPU.Build.0 = Debug|Any CPU
		{372E0520-31F3-49B3-84E5-288588AADD2E}.Release|Any CPU.ActiveCfg = Release|Any CPU
		{372E0520-31F3-49B3-84E5-288588AADD2E}.Release|Any CPU.Build.0 = Release|Any CPU
		{8629D58D-7446-4B6B-AF83-6C30D8093948}.Debug|Any CPU.ActiveCfg = Debug|Any CPU
		{8629D58D-7446-4B6B-AF83-6C30D8093948}.Debug|Any CPU.Build.0 = Debug|Any CPU
		{8629D58D-7446-4B6B-AF83-6C30D8093948}.Release|Any CPU.ActiveCfg = Release|Any CPU
		{8629D58D-7446-4B6B-AF83-6C30D8093948}.Release|Any CPU.Build.0 = Release|Any CPU
	EndGlobalSection
	GlobalSection(SolutionProperties) = preSolution
		HideSolutionNode = FALSE
	EndGlobalSection
	GlobalSection(ExtensibilityGlobals) = postSolution
		SolutionGuid = {EFCE66D5-6EBC-4795-89EF-B102342B2F18}
	EndGlobalSection
EndGlobal
